
Microsoft Visual Studio Solution File, Format Version 12.00
# Visual Studio Version 16
VisualStudioVersion = 16.0.30621.155
MinimumVisualStudioVersion = 10.0.40219.1
Project("{F184B08F-C81C-45F6-A57F-5ABD9991F28F}") = "Andalusia Broadcast", "Andalusia Broadcast\Andalusia Broadcast.vbproj", "{33209910-C0F8-43A1-8E4D-46FB975A0E69}"
EndProject
Global
	GlobalSection(SolutionConfigurationPlatforms) = preSolution
		Debug|Any CPU = Debug|Any CPU
		Release|Any CPU = Release|Any CPU
	EndGlobalSection
	GlobalSection(ProjectConfigurationPlatforms) = postSolution
		{33209910-C0F8-43A1-8E4D-46FB975A0E69}.Debug|Any CPU.ActiveCfg = Debug|Any CPU
		{33209910-C0F8-43A1-8E4D-46FB975A0E69}.Debug|Any CPU.Build.0 = Debug|Any CPU
		{33209910-C0F8-43A1-8E4D-46FB975A0E69}.Release|Any CPU.ActiveCfg = Release|Any CPU
		{33209910-C0F8-43A1-8E4D-46FB975A0E69}.Release|Any CPU.Build.0 = Release|Any CPU
	EndGlobalSection
	GlobalSection(SolutionProperties) = preSolution
		HideSolutionNode = FALSE
	EndGlobalSection
	GlobalSection(ExtensibilityGlobals) = postSolution
		SolutionGuid = {06ECE86C-14AB-4E94-8083-184E317F5759}
	EndGlobalSection
EndGlobal
